
Microsoft Visual Studio Solution File, Format Version 12.00
# Visual Studio Version 17
VisualStudioVersion = 17.0.32112.339
MinimumVisualStudioVersion = 10.0.40219.1
Project("{8BC9CEB8-8B4A-11D0-8D11-00A0C91BC942}") = "IkiliAramaAgaci", "IkiliAramaAgaci\IkiliAramaAgaci.vcxproj", "{B932323B-7A70-486F-BC66-3FF48CFE294A}"
EndProject
Global
	GlobalSection(SolutionConfigurationPlatforms) = preSolution
		Debug|x64 = Debug|x64
		Debug|x86 = Debug|x86
		Release|x64 = Release|x64
		Release|x86 = Release|x86
	EndGlobalSection
	GlobalSection(ProjectConfigurationPlatforms) = postSolution
		{B932323B-7A70-486F-BC66-3FF48CFE294A}.Debug|x64.ActiveCfg = Debug|x64
		{B932323B-7A70-486F-BC66-3FF48CFE294A}.Debug|x64.Build.0 = Debug|x64
		{B932323B-7A70-486F-BC66-3FF48CFE294A}.Debug|x86.ActiveCfg = Debug|Win32
		{B932323B-7A70-486F-BC66-3FF48CFE294A}.Debug|x86.Build.0 = Debug|Win32
		{B932323B-7A70-486F-BC66-3FF48CFE294A}.Release|x64.ActiveCfg = Release|x64
		{B932323B-7A70-486F-BC66-3FF48CFE294A}.Release|x64.Build.0 = Release|x64
		{B932323B-7A70-486F-BC66-3FF48CFE294A}.Release|x86.ActiveCfg = Release|Win32
		{B932323B-7A70-486F-BC66-3FF48CFE294A}.Release|x86.Build.0 = Release|Win32
	EndGlobalSection
	GlobalSection(SolutionProperties) = preSolution
		HideSolutionNode = FALSE
	EndGlobalSection
	GlobalSection(ExtensibilityGlobals) = postSolution
		SolutionGuid = {D2826115-EA82-401B-BEB4-DBD49E0F5168}
	EndGlobalSection
EndGlobal
